// !$*UTF8*$!
{
	archiveVersion = 1;
	classes = {
	};
	objectVersion = 50;
	objects = {

/* Begin PBXBuildFile section */
		DF67AF7F245F6A7C009E530E /* HTTPClient.swift in Sources */ = {isa = PBXBuildFile; fileRef = DF67AF7E245F6A7C009E530E /* HTTPClient.swift */; };
		DF67AF81245F6CD8009E530E /* GenericAPIClient.swift in Sources */ = {isa = PBXBuildFile; fileRef = DF67AF80245F6CD8009E530E /* GenericAPIClient.swift */; };
		DF67AF83245F6D32009E530E /* Endpoint.swift in Sources */ = {isa = PBXBuildFile; fileRef = DF67AF82245F6D32009E530E /* Endpoint.swift */; };
		DF67AF86245F6F23009E530E /* UIDList.swift in Sources */ = {isa = PBXBuildFile; fileRef = DF67AF85245F6F23009E530E /* UIDList.swift */; };
		DF67AF8A245FB2B4009E530E /* DetailView.swift in Sources */ = {isa = PBXBuildFile; fileRef = DF67AF89245FB2B4009E530E /* DetailView.swift */; };
		DF7E0DCE245F27E400D91EF5 /* AppDelegate.swift in Sources */ = {isa = PBXBuildFile; fileRef = DF7E0DCD245F27E400D91EF5 /* AppDelegate.swift */; };
		DF7E0DD2245F27E400D91EF5 /* DetailViewController.swift in Sources */ = {isa = PBXBuildFile; fileRef = DF7E0DD1245F27E400D91EF5 /* DetailViewController.swift */; };
		DF7E0DD7245F27E500D91EF5 /* Assets.xcassets in Resources */ = {isa = PBXBuildFile; fileRef = DF7E0DD6245F27E500D91EF5 /* Assets.xcassets */; };
		DF7E0DDA245F27E500D91EF5 /* LaunchScreen.storyboard in Resources */ = {isa = PBXBuildFile; fileRef = DF7E0DD8245F27E500D91EF5 /* LaunchScreen.storyboard */; };
		DF7E0DF0245F27E500D91EF5 /* MasterDetailsUITests.swift in Sources */ = {isa = PBXBuildFile; fileRef = DF7E0DEF245F27E500D91EF5 /* MasterDetailsUITests.swift */; };
		DF7E0DFE245F2A3900D91EF5 /* MasterTableViewController.swift in Sources */ = {isa = PBXBuildFile; fileRef = DF7E0DFD245F2A3900D91EF5 /* MasterTableViewController.swift */; };
		DF7E0E00245F2F0400D91EF5 /* MasterTableViewCell.swift in Sources */ = {isa = PBXBuildFile; fileRef = DF7E0DFF245F2F0400D91EF5 /* MasterTableViewCell.swift */; };
		DF92A3DD2462267700856FBA /* APITesting.swift in Sources */ = {isa = PBXBuildFile; fileRef = DF92A3DC2462267700856FBA /* APITesting.swift */; };
		DFB322712462394500C94899 /* MasterTableViewControllerTest.swift in Sources */ = {isa = PBXBuildFile; fileRef = DFB322702462394500C94899 /* MasterTableViewControllerTest.swift */; };
		DFB322732462402200C94899 /* DetailViewControllerTest.swift in Sources */ = {isa = PBXBuildFile; fileRef = DFB322722462402200C94899 /* DetailViewControllerTest.swift */; };
/* End PBXBuildFile section */

/* Begin PBXContainerItemProxy section */
		DF7E0DE1245F27E500D91EF5 /* PBXContainerItemProxy */ = {
			isa = PBXContainerItemProxy;
			containerPortal = DF7E0DC2245F27E400D91EF5 /* Project object */;
			proxyType = 1;
			remoteGlobalIDString = DF7E0DC9245F27E400D91EF5;
			remoteInfo = MasterDetails;
		};
		DF7E0DEC245F27E500D91EF5 /* PBXContainerItemProxy */ = {
			isa = PBXContainerItemProxy;
			containerPortal = DF7E0DC2245F27E400D91EF5 /* Project object */;
			proxyType = 1;
			remoteGlobalIDString = DF7E0DC9245F27E400D91EF5;
			remoteInfo = MasterDetails;
		};
/* End PBXContainerItemProxy section */

/* Begin PBXFileReference section */
		DF67AF7E245F6A7C009E530E /* HTTPClient.swift */ = {isa = PBXFileReference; lastKnownFileType = sourcecode.swift; path = HTTPClient.swift; sourceTree = "<group>"; };
		DF67AF80245F6CD8009E530E /* GenericAPIClient.swift */ = {isa = PBXFileReference; lastKnownFileType = sourcecode.swift; path = GenericAPIClient.swift; sourceTree = "<group>"; };
		DF67AF82245F6D32009E530E /* Endpoint.swift */ = {isa = PBXFileReference; lastKnownFileType = sourcecode.swift; path = Endpoint.swift; sourceTree = "<group>"; };
		DF67AF85245F6F23009E530E /* UIDList.swift */ = {isa = PBXFileReference; lastKnownFileType = sourcecode.swift; path = UIDList.swift; sourceTree = "<group>"; };
		DF67AF89245FB2B4009E530E /* DetailView.swift */ = {isa = PBXFileReference; lastKnownFileType = sourcecode.swift; path = DetailView.swift; sourceTree = "<group>"; };
		DF7E0DCA245F27E400D91EF5 /* MasterDetails.app */ = {isa = PBXFileReference; explicitFileType = wrapper.application; includeInIndex = 0; path = MasterDetails.app; sourceTree = BUILT_PRODUCTS_DIR; };
		DF7E0DCD245F27E400D91EF5 /* AppDelegate.swift */ = {isa = PBXFileReference; lastKnownFileType = sourcecode.swift; path = AppDelegate.swift; sourceTree = "<group>"; };
		DF7E0DD1245F27E400D91EF5 /* DetailViewController.swift */ = {isa = PBXFileReference; lastKnownFileType = sourcecode.swift; path = DetailViewController.swift; sourceTree = "<group>"; };
		DF7E0DD6245F27E500D91EF5 /* Assets.xcassets */ = {isa = PBXFileReference; lastKnownFileType = folder.assetcatalog; path = Assets.xcassets; sourceTree = "<group>"; };
		DF7E0DD9245F27E500D91EF5 /* Base */ = {isa = PBXFileReference; lastKnownFileType = file.storyboard; name = Base; path = Base.lproj/LaunchScreen.storyboard; sourceTree = "<group>"; };
		DF7E0DDB245F27E500D91EF5 /* Info.plist */ = {isa = PBXFileReference; lastKnownFileType = text.plist.xml; path = Info.plist; sourceTree = "<group>"; };
		DF7E0DE0245F27E500D91EF5 /* MasterDetailsTests.xctest */ = {isa = PBXFileReference; explicitFileType = wrapper.cfbundle; includeInIndex = 0; path = MasterDetailsTests.xctest; sourceTree = BUILT_PRODUCTS_DIR; };
		DF7E0DE6245F27E500D91EF5 /* Info.plist */ = {isa = PBXFileReference; lastKnownFileType = text.plist.xml; path = Info.plist; sourceTree = "<group>"; };
		DF7E0DEB245F27E500D91EF5 /* MasterDetailsUITests.xctest */ = {isa = PBXFileReference; explicitFileType = wrapper.cfbundle; includeInIndex = 0; path = MasterDetailsUITests.xctest; sourceTree = BUILT_PRODUCTS_DIR; };
		DF7E0DEF245F27E500D91EF5 /* MasterDetailsUITests.swift */ = {isa = PBXFileReference; lastKnownFileType = sourcecode.swift; path = MasterDetailsUITests.swift; sourceTree = "<group>"; };
		DF7E0DF1245F27E500D91EF5 /* Info.plist */ = {isa = PBXFileReference; lastKnownFileType = text.plist.xml; path = Info.plist; sourceTree = "<group>"; };
		DF7E0DFD245F2A3900D91EF5 /* MasterTableViewController.swift */ = {isa = PBXFileReference; lastKnownFileType = sourcecode.swift; path = MasterTableViewController.swift; sourceTree = "<group>"; };
		DF7E0DFF245F2F0400D91EF5 /* MasterTableViewCell.swift */ = {isa = PBXFileReference; lastKnownFileType = sourcecode.swift; path = MasterTableViewCell.swift; sourceTree = "<group>"; };
		DF92A3DC2462267700856FBA /* APITesting.swift */ = {isa = PBXFileReference; lastKnownFileType = sourcecode.swift; path = APITesting.swift; sourceTree = "<group>"; };
		DFB322702462394500C94899 /* MasterTableViewControllerTest.swift */ = {isa = PBXFileReference; lastKnownFileType = sourcecode.swift; path = MasterTableViewControllerTest.swift; sourceTree = "<group>"; };
		DFB322722462402200C94899 /* DetailViewControllerTest.swift */ = {isa = PBXFileReference; lastKnownFileType = sourcecode.swift; path = DetailViewControllerTest.swift; sourceTree = "<group>"; };
/* End PBXFileReference section */

/* Begin PBXFrameworksBuildPhase section */
		DF7E0DC7245F27E400D91EF5 /* Frameworks */ = {
			isa = PBXFrameworksBuildPhase;
			buildActionMask = 2147483647;
			files = (
			);
			runOnlyForDeploymentPostprocessing = 0;
		};
		DF7E0DDD245F27E500D91EF5 /* Frameworks */ = {
			isa = PBXFrameworksBuildPhase;
			buildActionMask = 2147483647;
			files = (
			);
			runOnlyForDeploymentPostprocessing = 0;
		};
		DF7E0DE8245F27E500D91EF5 /* Frameworks */ = {
			isa = PBXFrameworksBuildPhase;
			buildActionMask = 2147483647;
			files = (
			);
			runOnlyForDeploymentPostprocessing = 0;
		};
/* End PBXFrameworksBuildPhase section */

/* Begin PBXGroup section */
		DF67AF7C245F3375009E530E /* Master */ = {
			isa = PBXGroup;
			children = (
				DF7E0DFD245F2A3900D91EF5 /* MasterTableViewController.swift */,
				DF7E0DFF245F2F0400D91EF5 /* MasterTableViewCell.swift */,
			);
			path = Master;
			sourceTree = "<group>";
		};
		DF67AF7D245F6A3A009E530E /* HTTP */ = {
			isa = PBXGroup;
			children = (
				DF67AF7E245F6A7C009E530E /* HTTPClient.swift */,
				DF67AF80245F6CD8009E530E /* GenericAPIClient.swift */,
				DF67AF82245F6D32009E530E /* Endpoint.swift */,
			);
			path = HTTP;
			sourceTree = "<group>";
		};
		DF67AF84245F6D78009E530E /* Model */ = {
			isa = PBXGroup;
			children = (
				DF67AF85245F6F23009E530E /* UIDList.swift */,
			);
			path = Model;
			sourceTree = "<group>";
		};
		DF7E0DC1245F27E400D91EF5 = {
			isa = PBXGroup;
			children = (
				DF7E0DCC245F27E400D91EF5 /* MasterDetails */,
				DF7E0DE3245F27E500D91EF5 /* MasterDetailsTests */,
				DF7E0DEE245F27E500D91EF5 /* MasterDetailsUITests */,
				DF7E0DCB245F27E400D91EF5 /* Products */,
			);
			sourceTree = "<group>";
		};
		DF7E0DCB245F27E400D91EF5 /* Products */ = {
			isa = PBXGroup;
			children = (
				DF7E0DCA245F27E400D91EF5 /* MasterDetails.app */,
				DF7E0DE0245F27E500D91EF5 /* MasterDetailsTests.xctest */,
				DF7E0DEB245F27E500D91EF5 /* MasterDetailsUITests.xctest */,
			);
			name = Products;
			sourceTree = "<group>";
		};
		DF7E0DCC245F27E400D91EF5 /* MasterDetails */ = {
			isa = PBXGroup;
			children = (
				DF67AF84245F6D78009E530E /* Model */,
				DF67AF7D245F6A3A009E530E /* HTTP */,
				DF67AF7C245F3375009E530E /* Master */,
				DF7E0DCD245F27E400D91EF5 /* AppDelegate.swift */,
				DF7E0DD1245F27E400D91EF5 /* DetailViewController.swift */,
				DF67AF89245FB2B4009E530E /* DetailView.swift */,
				DF7E0DD6245F27E500D91EF5 /* Assets.xcassets */,
				DF7E0DD8245F27E500D91EF5 /* LaunchScreen.storyboard */,
				DF7E0DDB245F27E500D91EF5 /* Info.plist */,
			);
			path = MasterDetails;
			sourceTree = "<group>";
		};
		DF7E0DE3245F27E500D91EF5 /* MasterDetailsTests */ = {
			isa = PBXGroup;
			children = (
				DF7E0DE6245F27E500D91EF5 /* Info.plist */,
				DF92A3DC2462267700856FBA /* APITesting.swift */,
				DFB322702462394500C94899 /* MasterTableViewControllerTest.swift */,
				DFB322722462402200C94899 /* DetailViewControllerTest.swift */,
			);
			path = MasterDetailsTests;
			sourceTree = "<group>";
		};
		DF7E0DEE245F27E500D91EF5 /* MasterDetailsUITests */ = {
			isa = PBXGroup;
			children = (
				DF7E0DEF245F27E500D91EF5 /* MasterDetailsUITests.swift */,
				DF7E0DF1245F27E500D91EF5 /* Info.plist */,
			);
			path = MasterDetailsUITests;
			sourceTree = "<group>";
		};
/* End PBXGroup section */

/* Begin PBXNativeTarget section */
		DF7E0DC9245F27E400D91EF5 /* MasterDetails */ = {
			isa = PBXNativeTarget;
			buildConfigurationList = DF7E0DF4245F27E500D91EF5 /* Build configuration list for PBXNativeTarget "MasterDetails" */;
			buildPhases = (
				DF7E0DC6245F27E400D91EF5 /* Sources */,
				DF7E0DC7245F27E400D91EF5 /* Frameworks */,
				DF7E0DC8245F27E400D91EF5 /* Resources */,
			);
			buildRules = (
			);
			dependencies = (
			);
			name = MasterDetails;
			productName = MasterDetails;
			productReference = DF7E0DCA245F27E400D91EF5 /* MasterDetails.app */;
			productType = "com.apple.product-type.application";
		};
		DF7E0DDF245F27E500D91EF5 /* MasterDetailsTests */ = {
			isa = PBXNativeTarget;
			buildConfigurationList = DF7E0DF7245F27E500D91EF5 /* Build configuration list for PBXNativeTarget "MasterDetailsTests" */;
			buildPhases = (
				DF7E0DDC245F27E500D91EF5 /* Sources */,
				DF7E0DDD245F27E500D91EF5 /* Frameworks */,
				DF7E0DDE245F27E500D91EF5 /* Resources */,
			);
			buildRules = (
			);
			dependencies = (
				DF7E0DE2245F27E500D91EF5 /* PBXTargetDependency */,
			);
			name = MasterDetailsTests;
			productName = MasterDetailsTests;
			productReference = DF7E0DE0245F27E500D91EF5 /* MasterDetailsTests.xctest */;
			productType = "com.apple.product-type.bundle.unit-test";
		};
		DF7E0DEA245F27E500D91EF5 /* MasterDetailsUITests */ = {
			isa = PBXNativeTarget;
			buildConfigurationList = DF7E0DFA245F27E500D91EF5 /* Build configuration list for PBXNativeTarget "MasterDetailsUITests" */;
			buildPhases = (
				DF7E0DE7245F27E500D91EF5 /* Sources */,
				DF7E0DE8245F27E500D91EF5 /* Frameworks */,
				DF7E0DE9245F27E500D91EF5 /* Resources */,
			);
			buildRules = (
			);
			dependencies = (
				DF7E0DED245F27E500D91EF5 /* PBXTargetDependency */,
			);
			name = MasterDetailsUITests;
			productName = MasterDetailsUITests;
			productReference = DF7E0DEB245F27E500D91EF5 /* MasterDetailsUITests.xctest */;
			productType = "com.apple.product-type.bundle.ui-testing";
		};
/* End PBXNativeTarget section */

/* Begin PBXProject section */
		DF7E0DC2245F27E400D91EF5 /* Project object */ = {
			isa = PBXProject;
			attributes = {
				LastSwiftUpdateCheck = 1130;
				LastUpgradeCheck = 1130;
				ORGANIZATIONNAME = "Shashi Kant";
				TargetAttributes = {
					DF7E0DC9245F27E400D91EF5 = {
						CreatedOnToolsVersion = 11.3.1;
					};
					DF7E0DDF245F27E500D91EF5 = {
						CreatedOnToolsVersion = 11.3.1;
						TestTargetID = DF7E0DC9245F27E400D91EF5;
					};
					DF7E0DEA245F27E500D91EF5 = {
						CreatedOnToolsVersion = 11.3.1;
						TestTargetID = DF7E0DC9245F27E400D91EF5;
					};
				};
			};
			buildConfigurationList = DF7E0DC5245F27E400D91EF5 /* Build configuration list for PBXProject "MasterDetails" */;
			compatibilityVersion = "Xcode 9.3";
			developmentRegion = en;
			hasScannedForEncodings = 0;
			knownRegions = (
				en,
				Base,
			);
			mainGroup = DF7E0DC1245F27E400D91EF5;
			productRefGroup = DF7E0DCB245F27E400D91EF5 /* Products */;
			projectDirPath = "";
			projectRoot = "";
			targets = (
				DF7E0DC9245F27E400D91EF5 /* MasterDetails */,
				DF7E0DDF245F27E500D91EF5 /* MasterDetailsTests */,
				DF7E0DEA245F27E500D91EF5 /* MasterDetailsUITests */,
			);
		};
/* End PBXProject section */

/* Begin PBXResourcesBuildPhase section */
		DF7E0DC8245F27E400D91EF5 /* Resources */ = {
			isa = PBXResourcesBuildPhase;
			buildActionMask = 2147483647;
			files = (
				DF7E0DDA245F27E500D91EF5 /* LaunchScreen.storyboard in Resources */,
				DF7E0DD7245F27E500D91EF5 /* Assets.xcassets in Resources */,
			);
			runOnlyForDeploymentPostprocessing = 0;
		};
		DF7E0DDE245F27E500D91EF5 /* Resources */ = {
			isa = PBXResourcesBuildPhase;
			buildActionMask = 2147483647;
			files = (
			);
			runOnlyForDeploymentPostprocessing = 0;
		};
		DF7E0DE9245F27E500D91EF5 /* Resources */ = {
			isa = PBXResourcesBuildPhase;
			buildActionMask = 2147483647;
			files = (
			);
			runOnlyForDeploymentPostprocessing = 0;
		};
/* End PBXResourcesBuildPhase section */

/* Begin PBXSourcesBuildPhase section */
		DF7E0DC6245F27E400D91EF5 /* Sources */ = {
			isa = PBXSourcesBuildPhase;
			buildActionMask = 2147483647;
			files = (
				DF67AF83245F6D32009E530E /* Endpoint.swift in Sources */,
				DF67AF8A245FB2B4009E530E /* DetailView.swift in Sources */,
				DF7E0E00245F2F0400D91EF5 /* MasterTableViewCell.swift in Sources */,
				DF67AF81245F6CD8009E530E /* GenericAPIClient.swift in Sources */,
				DF67AF7F245F6A7C009E530E /* HTTPClient.swift in Sources */,
				DF7E0DD2245F27E400D91EF5 /* DetailViewController.swift in Sources */,
				DF7E0DCE245F27E400D91EF5 /* AppDelegate.swift in Sources */,
				DF67AF86245F6F23009E530E /* UIDList.swift in Sources */,
				DF7E0DFE245F2A3900D91EF5 /* MasterTableViewController.swift in Sources */,
			);
			runOnlyForDeploymentPostprocessing = 0;
		};
		DF7E0DDC245F27E500D91EF5 /* Sources */ = {
			isa = PBXSourcesBuildPhase;
			buildActionMask = 2147483647;
			files = (
				DF92A3DD2462267700856FBA /* APITesting.swift in Sources */,
				DFB322712462394500C94899 /* MasterTableViewControllerTest.swift in Sources */,
				DFB322732462402200C94899 /* DetailViewControllerTest.swift in Sources */,
			);
			runOnlyForDeploymentPostprocessing = 0;
		};
		DF7E0DE7245F27E500D91EF5 /* Sources */ = {
			isa = PBXSourcesBuildPhase;
			buildActionMask = 2147483647;
			files = (
				DF7E0DF0245F27E500D91EF5 /* MasterDetailsUITests.swift in Sources */,
			);
			runOnlyForDeploymentPostprocessing = 0;
		};
/* End PBXSourcesBuildPhase section */

/* Begin PBXTargetDependency section */
		DF7E0DE2245F27E500D91EF5 /* PBXTargetDependency */ = {
			isa = PBXTargetDependency;
			target = DF7E0DC9245F27E400D91EF5 /* MasterDetails */;
			targetProxy = DF7E0DE1245F27E500D91EF5 /* PBXContainerItemProxy */;
		};
		DF7E0DED245F27E500D91EF5 /* PBXTargetDependency */ = {
			isa = PBXTargetDependency;
			target = DF7E0DC9245F27E400D91EF5 /* MasterDetails */;
			targetProxy = DF7E0DEC245F27E500D91EF5 /* PBXContainerItemProxy */;
		};
/* End PBXTargetDependency section */

/* Begin PBXVariantGroup section */
		DF7E0DD8245F27E500D91EF5 /* LaunchScreen.storyboard */ = {
			isa = PBXVariantGroup;
			children = (
				DF7E0DD9245F27E500D91EF5 /* Base */,
			);
			name = LaunchScreen.storyboard;
			sourceTree = "<group>";
		};
/* End PBXVariantGroup section */

/* Begin XCBuildConfiguration section */
		DF7E0DF2245F27E500D91EF5 /* Debug */ = {
			isa = XCBuildConfiguration;
			buildSettings = {
				ALWAYS_SEARCH_USER_PATHS = NO;
				CLANG_ANALYZER_NONNULL = YES;
				CLANG_ANALYZER_NUMBER_OBJECT_CONVERSION = YES_AGGRESSIVE;
				CLANG_CXX_LANGUAGE_STANDARD = "gnu++14";
				CLANG_CXX_LIBRARY = "libc++";
				CLANG_ENABLE_MODULES = YES;
				CLANG_ENABLE_OBJC_ARC = YES;
				CLANG_ENABLE_OBJC_WEAK = YES;
				CLANG_WARN_BLOCK_CAPTURE_AUTORELEASING = YES;
				CLANG_WARN_BOOL_CONVERSION = YES;
				CLANG_WARN_COMMA = YES;
				CLANG_WARN_CONSTANT_CONVERSION = YES;
				CLANG_WARN_DEPRECATED_OBJC_IMPLEMENTATIONS = YES;
				CLANG_WARN_DIRECT_OBJC_ISA_USAGE = YES_ERROR;
				CLANG_WARN_DOCUMENTATION_COMMENTS = YES;
				CLANG_WARN_EMPTY_BODY = YES;
				CLANG_WARN_ENUM_CONVERSION = YES;
				CLANG_WARN_INFINITE_RECURSION = YES;
				CLANG_WARN_INT_CONVERSION = YES;
				CLANG_WARN_NON_LITERAL_NULL_CONVERSION = YES;
				CLANG_WARN_OBJC_IMPLICIT_RETAIN_SELF = YES;
				CLANG_WARN_OBJC_LITERAL_CONVERSION = YES;
				CLANG_WARN_OBJC_ROOT_CLASS = YES_ERROR;
				CLANG_WARN_RANGE_LOOP_ANALYSIS = YES;
				CLANG_WARN_STRICT_PROTOTYPES = YES;
				CLANG_WARN_SUSPICIOUS_MOVE = YES;
				CLANG_WARN_UNGUARDED_AVAILABILITY = YES_AGGRESSIVE;
				CLANG_WARN_UNREACHABLE_CODE = YES;
				CLANG_WARN__DUPLICATE_METHOD_MATCH = YES;
				COPY_PHASE_STRIP = NO;
				DEBUG_INFORMATION_FORMAT = dwarf;
				ENABLE_STRICT_OBJC_MSGSEND = YES;
				ENABLE_TESTABILITY = YES;
				GCC_C_LANGUAGE_STANDARD = gnu11;
				GCC_DYNAMIC_NO_PIC = NO;
				GCC_NO_COMMON_BLOCKS = YES;
				GCC_OPTIMIZATION_LEVEL = 0;
				GCC_PREPROCESSOR_DEFINITIONS = (
					"DEBUG=1",
					"$(inherited)",
				);
				GCC_WARN_64_TO_32_BIT_CONVERSION = YES;
				GCC_WARN_ABOUT_RETURN_TYPE = YES_ERROR;
				GCC_WARN_UNDECLARED_SELECTOR = YES;
				GCC_WARN_UNINITIALIZED_AUTOS = YES_AGGRESSIVE;
				GCC_WARN_UNUSED_FUNCTION = YES;
				GCC_WARN_UNUSED_VARIABLE = YES;
				IPHONEOS_DEPLOYMENT_TARGET = 13.2;
				MTL_ENABLE_DEBUG_INFO = INCLUDE_SOURCE;
				MTL_FAST_MATH = YES;
				ONLY_ACTIVE_ARCH = YES;
				SDKROOT = iphoneos;
				SWIFT_ACTIVE_COMPILATION_CONDITIONS = DEBUG;
				SWIFT_OPTIMIZATION_LEVEL = "-Onone";
			};
			name = Debug;
		};
		DF7E0DF3245F27E500D91EF5 /* Release */ = {
			isa = XCBuildConfiguration;
			buildSettings = {
				ALWAYS_SEARCH_USER_PATHS = NO;
				CLANG_ANALYZER_NONNULL = YES;
				CLANG_ANALYZER_NUMBER_OBJECT_CONVERSION = YES_AGGRESSIVE;
				CLANG_CXX_LANGUAGE_STANDARD = "gnu++14";
				CLANG_CXX_LIBRARY = "libc++";
				CLANG_ENABLE_MODULES = YES;
				CLANG_ENABLE_OBJC_ARC = YES;
				CLANG_ENABLE_OBJC_WEAK = YES;
				CLANG_WARN_BLOCK_CAPTURE_AUTORELEASING = YES;
				CLANG_WARN_BOOL_CONVERSION = YES;
				CLANG_WARN_COMMA = YES;
				CLANG_WARN_CONSTANT_CONVERSION = YES;
				CLANG_WARN_DEPRECATED_OBJC_IMPLEMENTATIONS = YES;
				CLANG_WARN_DIRECT_OBJC_ISA_USAGE = YES_ERROR;
				CLANG_WARN_DOCUMENTATION_COMMENTS = YES;
				CLANG_WARN_EMPTY_BODY = YES;
				CLANG_WARN_ENUM_CONVERSION = YES;
				CLANG_WARN_INFINITE_RECURSION = YES;
				CLANG_WARN_INT_CONVERSION = YES;
				CLANG_WARN_NON_LITERAL_NULL_CONVERSION = YES;
				CLANG_WARN_OBJC_IMPLICIT_RETAIN_SELF = YES;
				CLANG_WARN_OBJC_LITERAL_CONVERSION = YES;
				CLANG_WARN_OBJC_ROOT_CLASS = YES_ERROR;
				CLANG_WARN_RANGE_LOOP_ANALYSIS = YES;
				CLANG_WARN_STRICT_PROTOTYPES = YES;
				CLANG_WARN_SUSPICIOUS_MOVE = YES;
				CLANG_WARN_UNGUARDED_AVAILABILITY = YES_AGGRESSIVE;
				CLANG_WARN_UNREACHABLE_CODE = YES;
				CLANG_WARN__DUPLICATE_METHOD_MATCH = YES;
				COPY_PHASE_STRIP = NO;
				DEBUG_INFORMATION_FORMAT = "dwarf-with-dsym";
				ENABLE_NS_ASSERTIONS = NO;
				ENABLE_STRICT_OBJC_MSGSEND = YES;
				GCC_C_LANGUAGE_STANDARD = gnu11;
				GCC_NO_COMMON_BLOCKS = YES;
				GCC_WARN_64_TO_32_BIT_CONVERSION = YES;
				GCC_WARN_ABOUT_RETURN_TYPE = YES_ERROR;
				GCC_WARN_UNDECLARED_SELECTOR = YES;
				GCC_WARN_UNINITIALIZED_AUTOS = YES_AGGRESSIVE;
				GCC_WARN_UNUSED_FUNCTION = YES;
				GCC_WARN_UNUSED_VARIABLE = YES;
				IPHONEOS_DEPLOYMENT_TARGET = 13.2;
				MTL_ENABLE_DEBUG_INFO = NO;
				MTL_FAST_MATH = YES;
				SDKROOT = iphoneos;
				SWIFT_COMPILATION_MODE = wholemodule;
				SWIFT_OPTIMIZATION_LEVEL = "-O";
				VALIDATE_PRODUCT = YES;
			};
			name = Release;
		};
		DF7E0DF5245F27E500D91EF5 /* Debug */ = {
			isa = XCBuildConfiguration;
			buildSettings = {
				ASSETCATALOG_COMPILER_APPICON_NAME = AppIcon;
				CODE_SIGN_STYLE = Automatic;
				DEVELOPMENT_TEAM = PCHSR4U85Y;
				INFOPLIST_FILE = MasterDetails/Info.plist;
				LD_RUNPATH_SEARCH_PATHS = (
					"$(inherited)",
					"@executable_path/Frameworks",
				);
				PRODUCT_BUNDLE_IDENTIFIER = com.crozierusit.MasterDetails;
				PRODUCT_NAME = "$(TARGET_NAME)";
				SWIFT_VERSION = 5.0;
				TARGETED_DEVICE_FAMILY = "1,2";
			};
			name = Debug;
		};
		DF7E0DF6245F27E500D91EF5 /* Release */ = {
			isa = XCBuildConfiguration;
			buildSettings = {
				ASSETCATALOG_COMPILER_APPICON_NAME = AppIcon;
				CODE_SIGN_STYLE = Automatic;
				DEVELOPMENT_TEAM = PCHSR4U85Y;
				INFOPLIST_FILE = MasterDetails/Info.plist;
				LD_RUNPATH_SEARCH_PATHS = (
					"$(inherited)",
					"@executable_path/Frameworks",
				);
				PRODUCT_BUNDLE_IDENTIFIER = com.crozierusit.MasterDetails;
				PRODUCT_NAME = "$(TARGET_NAME)";
				SWIFT_VERSION = 5.0;
				TARGETED_DEVICE_FAMILY = "1,2";
			};
			name = Release;
		};
		DF7E0DF8245F27E500D91EF5 /* Debug */ = {
			isa = XCBuildConfiguration;
			buildSettings = {
				ALWAYS_EMBED_SWIFT_STANDARD_LIBRARIES = YES;
				BUNDLE_LOADER = "$(TEST_HOST)";
				CODE_SIGN_STYLE = Automatic;
				DEVELOPMENT_TEAM = PCHSR4U85Y;
				INFOPLIST_FILE = MasterDetailsTests/Info.plist;
				IPHONEOS_DEPLOYMENT_TARGET = 13.2;
				LD_RUNPATH_SEARCH_PATHS = (
					"$(inherited)",
					"@executable_path/Frameworks",
					"@loader_path/Frameworks",
				);
				PRODUCT_BUNDLE_IDENTIFIER = com.crozierusit.MasterDetailsTests;
				PRODUCT_NAME = "$(TARGET_NAME)";
				SWIFT_VERSION = 5.0;
				TARGETED_DEVICE_FAMILY = "1,2";
				TEST_HOST = "$(BUILT_PRODUCTS_DIR)/MasterDetails.app/MasterDetails";
			};
			name = Debug;
		};
		DF7E0DF9245F27E500D91EF5 /* Release */ = {
			isa = XCBuildConfiguration;
			buildSettings = {
				ALWAYS_EMBED_SWIFT_STANDARD_LIBRARIES = YES;
				BUNDLE_LOADER = "$(TEST_HOST)";
				CODE_SIGN_STYLE = Automatic;
				DEVELOPMENT_TEAM = PCHSR4U85Y;
				INFOPLIST_FILE = MasterDetailsTests/Info.plist;
				IPHONEOS_DEPLOYMENT_TARGET = 13.2;
				LD_RUNPATH_SEARCH_PATHS = (
					"$(inherited)",
					"@executable_path/Frameworks",
					"@loader_path/Frameworks",
				);
				PRODUCT_BUNDLE_IDENTIFIER = com.crozierusit.MasterDetailsTests;
				PRODUCT_NAME = "$(TARGET_NAME)";
				SWIFT_VERSION = 5.0;
				TARGETED_DEVICE_FAMILY = "1,2";
				TEST_HOST = "$(BUILT_PRODUCTS_DIR)/MasterDetails.app/MasterDetails";
			};
			name = Release;
		};
		DF7E0DFB245F27E500D91EF5 /* Debug */ = {
			isa = XCBuildConfiguration;
			buildSettings = {
				ALWAYS_EMBED_SWIFT_STANDARD_LIBRARIES = YES;
				CODE_SIGN_STYLE = Automatic;
				DEVELOPMENT_TEAM = PCHSR4U85Y;
				INFOPLIST_FILE = MasterDetailsUITests/Info.plist;
				LD_RUNPATH_SEARCH_PATHS = (
					"$(inherited)",
					"@executable_path/Frameworks",
					"@loader_path/Frameworks",
				);
				PRODUCT_BUNDLE_IDENTIFIER = com.crozierusit.MasterDetailsUITests;
				PRODUCT_NAME = "$(TARGET_NAME)";
				SWIFT_VERSION = 5.0;
				TARGETED_DEVICE_FAMILY = "1,2";
				TEST_TARGET_NAME = MasterDetails;
			};
			name = Debug;
		};
		DF7E0DFC245F27E500D91EF5 /* Release */ = {
			isa = XCBuildConfiguration;
			buildSettings = {
				ALWAYS_EMBED_SWIFT_STANDARD_LIBRARIES = YES;
				CODE_SIGN_STYLE = Automatic;
				DEVELOPMENT_TEAM = PCHSR4U85Y;
				INFOPLIST_FILE = MasterDetailsUITests/Info.plist;
				LD_RUNPATH_SEARCH_PATHS = (
					"$(inherited)",
					"@executable_path/Frameworks",
					"@loader_path/Frameworks",
				);
				PRODUCT_BUNDLE_IDENTIFIER = com.crozierusit.MasterDetailsUITests;
				PRODUCT_NAME = "$(TARGET_NAME)";
				SWIFT_VERSION = 5.0;
				TARGETED_DEVICE_FAMILY = "1,2";
				TEST_TARGET_NAME = MasterDetails;
			};
			name = Release;
		};
/* End XCBuildConfiguration section */

/* Begin XCConfigurationList section */
		DF7E0DC5245F27E400D91EF5 /* Build configuration list for PBXProject "MasterDetails" */ = {
			isa = XCConfigurationList;
			buildConfigurations = (
				DF7E0DF2245F27E500D91EF5 /* Debug */,
				DF7E0DF3245F27E500D91EF5 /* Release */,
			);
			defaultConfigurationIsVisible = 0;
			defaultConfigurationName = Release;
		};
		DF7E0DF4245F27E500D91EF5 /* Build configuration list for PBXNativeTarget "MasterDetails" */ = {
			isa = XCConfigurationList;
			buildConfigurations = (
				DF7E0DF5245F27E500D91EF5 /* Debug */,
				DF7E0DF6245F27E500D91EF5 /* Release */,
			);
			defaultConfigurationIsVisible = 0;
			defaultConfigurationName = Release;
		};
		DF7E0DF7245F27E500D91EF5 /* Build configuration list for PBXNativeTarget "MasterDetailsTests" */ = {
			isa = XCConfigurationList;
			buildConfigurations = (
				DF7E0DF8245F27E500D91EF5 /* Debug */,
				DF7E0DF9245F27E500D91EF5 /* Release */,
			);
			defaultConfigurationIsVisible = 0;
			defaultConfigurationName = Release;
		};
		DF7E0DFA245F27E500D91EF5 /* Build configuration list for PBXNativeTarget "MasterDetailsUITests" */ = {
			isa = XCConfigurationList;
			buildConfigurations = (
				DF7E0DFB245F27E500D91EF5 /* Debug */,
				DF7E0DFC245F27E500D91EF5 /* Release */,
			);
			defaultConfigurationIsVisible = 0;
			defaultConfigurationName = Release;
		};
/* End XCConfigurationList section */
	};
	rootObject = DF7E0DC2245F27E400D91EF5 /* Project object */;
}
